PODS:
  - NgFramework (0.1.0)
  - Nimble (5.1.1)
  - Quick (1.0.0)

DEPENDENCIES:
  - NgFramework (from `../`)
  - Nimble (~> 5.1.1)
  - Quick (~> 1.0.0)

EXTERNAL SOURCES:
  NgFramework:
    :path: ../

SPEC CHECKSUMS:
  NgFramework: f6a562a2bda829b8e6e8749a49bfcb6f101cd5db
  Nimble: 415e3aa3267e7bc2c96b05fa814ddea7bb686a29
  Quick: 8024e4a47e6cc03a9d5245ef0948264fc6d27cff

PODFILE CHECKSUM: 9494e035047acbcaf275ad90ca366f508c723ded

COCOAPODS: 1.3.1
